
Microsoft Visual Studio Solution File, Format Version 12.00
# Visual Studio Version 17
VisualStudioVersion = 17.7.34221.43
MinimumVisualStudioVersion = 10.0.40219.1
Project("{2150E333-8FDC-42A3-9474-1A3956D46DE8}") = "Application", "Application", "{42FB6265-79FF-467A-8DB3-E1880541E832}"
EndProject
Project("{2150E333-8FDC-42A3-9474-1A3956D46DE8}") = "Domain", "Domain", "{680C8C59-397C-4056-8034-F09BAC15B6C6}"
EndProject
Project("{2150E333-8FDC-42A3-9474-1A3956D46DE8}") = "Infraestructure", "Infraestructure", "{762BE55D-536E-4A2A-B6ED-3C13A7A1694C}"
EndProject
Project("{2150E333-8FDC-42A3-9474-1A3956D46DE8}") = "Presentation", "Presentation", "{A17F0445-25D6-4234-BE4D-E740FF8CA607}"
EndProject
Project("{9A19103F-16F7-4668-BE54-9A1E7A4F7556}") = "PresentationLayer", "PresentationLayer\PresentationLayer.csproj", "{E89626C3-D4AA-4AD2-8EB6-B0F518B3DD45}"
EndProject
Project("{9A19103F-16F7-4668-BE54-9A1E7A4F7556}") = "InfraestructureLayer", "InfraestructureLayer\InfraestructureLayer.csproj", "{DAE0244E-A0D4-428A-B74B-8724076F0C79}"
EndProject
Global
	GlobalSection(SolutionConfigurationPlatforms) = preSolution
		Debug|Any CPU = Debug|Any CPU
		Release|Any CPU = Release|Any CPU
	EndGlobalSection
	GlobalSection(ProjectConfigurationPlatforms) = postSolution
		{E89626C3-D4AA-4AD2-8EB6-B0F518B3DD45}.Debug|Any CPU.ActiveCfg = Debug|Any CPU
		{E89626C3-D4AA-4AD2-8EB6-B0F518B3DD45}.Debug|Any CPU.Build.0 = Debug|Any CPU
		{E89626C3-D4AA-4AD2-8EB6-B0F518B3DD45}.Release|Any CPU.ActiveCfg = Release|Any CPU
		{E89626C3-D4AA-4AD2-8EB6-B0F518B3DD45}.Release|Any CPU.Build.0 = Release|Any CPU
		{DAE0244E-A0D4-428A-B74B-8724076F0C79}.Debug|Any CPU.ActiveCfg = Debug|Any CPU
		{DAE0244E-A0D4-428A-B74B-8724076F0C79}.Debug|Any CPU.Build.0 = Debug|Any CPU
		{DAE0244E-A0D4-428A-B74B-8724076F0C79}.Release|Any CPU.ActiveCfg = Release|Any CPU
		{DAE0244E-A0D4-428A-B74B-8724076F0C79}.Release|Any CPU.Build.0 = Release|Any CPU
	EndGlobalSection
	GlobalSection(SolutionProperties) = preSolution
		HideSolutionNode = FALSE
	EndGlobalSection
	GlobalSection(NestedProjects) = preSolution
		{E89626C3-D4AA-4AD2-8EB6-B0F518B3DD45} = {A17F0445-25D6-4234-BE4D-E740FF8CA607}
		{DAE0244E-A0D4-428A-B74B-8724076F0C79} = {762BE55D-536E-4A2A-B6ED-3C13A7A1694C}
	EndGlobalSection
	GlobalSection(ExtensibilityGlobals) = postSolution
		SolutionGuid = {86572632-CC4D-4CB7-9B2F-0DEE68C0754C}
	EndGlobalSection
EndGlobal
